
Microsoft Visual Studio Solution File, Format Version 12.00
# Visual Studio Version 17
VisualStudioVersion = 17.3.32929.385
MinimumVisualStudioVersion = 10.0.40219.1
Project("{FAE04EC0-301F-11D3-BF4B-00C04F79EFBC}") = "csharp-lavanderia", "csharp-lavanderia.csproj", "{76777FA5-987D-4DEF-A818-FB1C0B8B1DCE}"
EndProject
Global
	GlobalSection(SolutionConfigurationPlatforms) = preSolution
		Debug|Any CPU = Debug|Any CPU
		Release|Any CPU = Release|Any CPU
	EndGlobalSection
	GlobalSection(ProjectConfigurationPlatforms) = postSolution
		{76777FA5-987D-4DEF-A818-FB1C0B8B1DCE}.Debug|Any CPU.ActiveCfg = Debug|Any CPU
		{76777FA5-987D-4DEF-A818-FB1C0B8B1DCE}.Debug|Any CPU.Build.0 = Debug|Any CPU
		{76777FA5-987D-4DEF-A818-FB1C0B8B1DCE}.Release|Any CPU.ActiveCfg = Release|Any CPU
		{76777FA5-987D-4DEF-A818-FB1C0B8B1DCE}.Release|Any CPU.Build.0 = Release|Any CPU
	EndGlobalSection
	GlobalSection(SolutionProperties) = preSolution
		HideSolutionNode = FALSE
	EndGlobalSection
	GlobalSection(ExtensibilityGlobals) = postSolution
		SolutionGuid = {6794CF48-AA56-4D49-8522-248FD2D18B5E}
	EndGlobalSection
EndGlobal
